{
  "requires": true,
  "lockfileVersion": 1,
  "dependencies": {
    "typed.js": {
      "version": "git+https://github.com/mattboldt/typed.js.git#a8c8686576dc52d416d1e734b3b3eeffcc28bd93",
      "from": "git+https://github.com/mattboldt/typed.js.git"
    },
    "vue-typed-js": {
      "version": "0.1.2",
      "resolved": "https://registry.npmjs.org/vue-typed-js/-/vue-typed-js-0.1.2.tgz",
      "integrity": "sha512-9kDGuz17uYJghe/1hepRWiWYssgUFtrKnMGPHlWjVRxdvs/d9xYYWMkgzztjhx1R1B33hXkN8ctmkzCYHQ+caA==",
      "requires": {
        "typed.js": "git+https://github.com/mattboldt/typed.js.git"
      }
    }
  }
}
